// !$*UTF8*$!
{
	archiveVersion = 1;
	classes = {
	};
	objectVersion = 46;
	objects = {

/* Begin PBXBuildFile section */
		2FC65CD41AE81695006338E7 /* AppDelegate.swift in Sources */ = {isa = PBXBuildFile; fileRef = 2FC65CD31AE81695006338E7 /* AppDelegate.swift */; };
		2FC65CD91AE81695006338E7 /* Main.storyboard in Resources */ = {isa = PBXBuildFile; fileRef = 2FC65CD71AE81695006338E7 /* Main.storyboard */; };
		2FC65CDB1AE81695006338E7 /* Images.xcassets in Resources */ = {isa = PBXBuildFile; fileRef = 2FC65CDA1AE81695006338E7 /* Images.xcassets */; };
		2FC65CDE1AE81695006338E7 /* LaunchScreen.xib in Resources */ = {isa = PBXBuildFile; fileRef = 2FC65CDC1AE81695006338E7 /* LaunchScreen.xib */; };
		2FC65CEA1AE81695006338E7 /* Zane_SwaffordTests.swift in Sources */ = {isa = PBXBuildFile; fileRef = 2FC65CE91AE81695006338E7 /* Zane_SwaffordTests.swift */; };
		2FC65CF41AE8173F006338E7 /* CardTableViewController.swift in Sources */ = {isa = PBXBuildFile; fileRef = 2FC65CF31AE8173F006338E7 /* CardTableViewController.swift */; };
		2FC65CF61AE8185C006338E7 /* Card.swift in Sources */ = {isa = PBXBuildFile; fileRef = 2FC65CF51AE8185C006338E7 /* Card.swift */; };
		2FC65CF81AE81F01006338E7 /* SwingingCellAnimator.swift in Sources */ = {isa = PBXBuildFile; fileRef = 2FC65CF71AE81F01006338E7 /* SwingingCellAnimator.swift */; };
		2FC65CFA1AE81F5E006338E7 /* CardTableViewCell.swift in Sources */ = {isa = PBXBuildFile; fileRef = 2FC65CF91AE81F5E006338E7 /* CardTableViewCell.swift */; };
		2FC65CFC1AE827C8006338E7 /* Cards.json in Resources */ = {isa = PBXBuildFile; fileRef = 2FC65CFB1AE827C8006338E7 /* Cards.json */; };
		2FC65D021AE83C88006338E7 /* UIViewHelpers.swift in Sources */ = {isa = PBXBuildFile; fileRef = 2FC65D011AE83C88006338E7 /* UIViewHelpers.swift */; };
		2FD24B6B1AE87E84001E891D /* MerriweatherSans-Bold.otf in Resources */ = {isa = PBXBuildFile; fileRef = 2FD24B6A1AE87E84001E891D /* MerriweatherSans-Bold.otf */; };
/* End PBXBuildFile section */

/* Begin PBXContainerItemProxy section */
		2FC65CE41AE81695006338E7 /* PBXContainerItemProxy */ = {
			isa = PBXContainerItemProxy;
			containerPortal = 2FC65CC61AE81695006338E7 /* Project object */;
			proxyType = 1;
			remoteGlobalIDString = 2FC65CCD1AE81695006338E7;
			remoteInfo = "Zane Swafford";
		};
/* End PBXContainerItemProxy section */

/* Begin PBXFileReference section */
		2FC65CCE1AE81695006338E7 /* Zane Swafford.app */ = {isa = PBXFileReference; explicitFileType = wrapper.application; includeInIndex = 0; path = "Zane Swafford.app"; sourceTree = BUILT_PRODUCTS_DIR; };
		2FC65CD21AE81695006338E7 /* Info.plist */ = {isa = PBXFileReference; lastKnownFileType = text.plist.xml; path = Info.plist; sourceTree = "<group>"; };
		2FC65CD31AE81695006338E7 /* AppDelegate.swift */ = {isa = PBXFileReference; lastKnownFileType = sourcecode.swift; path = AppDelegate.swift; sourceTree = "<group>"; };
		2FC65CD81AE81695006338E7 /* Base */ = {isa = PBXFileReference; lastKnownFileType = file.storyboard; name = Base; path = Base.lproj/Main.storyboard; sourceTree = "<group>"; };
		2FC65CDA1AE81695006338E7 /* Images.xcassets */ = {isa = PBXFileReference; lastKnownFileType = folder.assetcatalog; path = Images.xcassets; sourceTree = "<group>"; };
		2FC65CDD1AE81695006338E7 /* Base */ = {isa = PBXFileReference; lastKnownFileType = file.xib; name = Base; path = Base.lproj/LaunchScreen.xib; sourceTree = "<group>"; };
		2FC65CE31AE81695006338E7 /* Zane SwaffordTests.xctest */ = {isa = PBXFileReference; explicitFileType = wrapper.cfbundle; includeInIndex = 0; path = "Zane SwaffordTests.xctest"; sourceTree = BUILT_PRODUCTS_DIR; };
		2FC65CE81AE81695006338E7 /* Info.plist */ = {isa = PBXFileReference; lastKnownFileType = text.plist.xml; path = Info.plist; sourceTree = "<group>"; };
		2FC65CE91AE81695006338E7 /* Zane_SwaffordTests.swift */ = {isa = PBXFileReference; lastKnownFileType = sourcecode.swift; path = Zane_SwaffordTests.swift; sourceTree = "<group>"; };
		2FC65CF31AE8173F006338E7 /* CardTableViewController.swift */ = {isa = PBXFileReference; fileEncoding = 4; lastKnownFileType = sourcecode.swift; path = CardTableViewController.swift; sourceTree = "<group>"; };
		2FC65CF51AE8185C006338E7 /* Card.swift */ = {isa = PBXFileReference; fileEncoding = 4; lastKnownFileType = sourcecode.swift; path = Card.swift; sourceTree = "<group>"; };
		2FC65CF71AE81F01006338E7 /* SwingingCellAnimator.swift */ = {isa = PBXFileReference; fileEncoding = 4; lastKnownFileType = sourcecode.swift; path = SwingingCellAnimator.swift; sourceTree = "<group>"; };
		2FC65CF91AE81F5E006338E7 /* CardTableViewCell.swift */ = {isa = PBXFileReference; fileEncoding = 4; lastKnownFileType = sourcecode.swift; path = CardTableViewCell.swift; sourceTree = "<group>"; };
		2FC65CFB1AE827C8006338E7 /* Cards.json */ = {isa = PBXFileReference; fileEncoding = 4; lastKnownFileType = text.json; path = Cards.json; sourceTree = "<group>"; };
		2FC65D011AE83C88006338E7 /* UIViewHelpers.swift */ = {isa = PBXFileReference; fileEncoding = 4; lastKnownFileType = sourcecode.swift; path = UIViewHelpers.swift; sourceTree = "<group>"; };
		2FD24B6A1AE87E84001E891D /* MerriweatherSans-Bold.otf */ = {isa = PBXFileReference; lastKnownFileType = file; path = "MerriweatherSans-Bold.otf"; sourceTree = "<group>"; };
		2FD24B6C1AE87EA7001E891D /* Neuton-Regular.ttf */ = {isa = PBXFileReference; lastKnownFileType = file; path = "Neuton-Regular.ttf"; sourceTree = "<group>"; };
/* End PBXFileReference section */

/* Begin PBXFrameworksBuildPhase section */
		2FC65CCB1AE81695006338E7 /* Frameworks */ = {
			isa = PBXFrameworksBuildPhase;
			buildActionMask = 2147483647;
			files = (
			);
			runOnlyForDeploymentPostprocessing = 0;
		};
		2FC65CE01AE81695006338E7 /* Frameworks */ = {
			isa = PBXFrameworksBuildPhase;
			buildActionMask = 2147483647;
			files = (
			);
			runOnlyForDeploymentPostprocessing = 0;
		};
/* End PBXFrameworksBuildPhase section */

/* Begin PBXGroup section */
		2FC65CC51AE81695006338E7 = {
			isa = PBXGroup;
			children = (
				2FC65CD01AE81695006338E7 /* Zane Swafford */,
				2FC65CE61AE81695006338E7 /* Zane SwaffordTests */,
				2FC65CCF1AE81695006338E7 /* Products */,
			);
			sourceTree = "<group>";
		};
		2FC65CCF1AE81695006338E7 /* Products */ = {
			isa = PBXGroup;
			children = (
				2FC65CCE1AE81695006338E7 /* Zane Swafford.app */,
				2FC65CE31AE81695006338E7 /* Zane SwaffordTests.xctest */,
			);
			name = Products;
			sourceTree = "<group>";
		};
		2FC65CD01AE81695006338E7 /* Zane Swafford */ = {
			isa = PBXGroup;
			children = (
				2FC65CD31AE81695006338E7 /* AppDelegate.swift */,
				2FC65CF31AE8173F006338E7 /* CardTableViewController.swift */,
				2FC65CF91AE81F5E006338E7 /* CardTableViewCell.swift */,
				2FC65CF51AE8185C006338E7 /* Card.swift */,
				2FC65CF71AE81F01006338E7 /* SwingingCellAnimator.swift */,
				2FC65D011AE83C88006338E7 /* UIViewHelpers.swift */,
				2FC65CD71AE81695006338E7 /* Main.storyboard */,
				2FC65CDA1AE81695006338E7 /* Images.xcassets */,
				2FC65CDC1AE81695006338E7 /* LaunchScreen.xib */,
				2FC65CD11AE81695006338E7 /* Supporting Files */,
			);
			path = "Zane Swafford";
			sourceTree = "<group>";
		};
		2FC65CD11AE81695006338E7 /* Supporting Files */ = {
			isa = PBXGroup;
			children = (
				2FD24B6A1AE87E84001E891D /* MerriweatherSans-Bold.otf */,
				2FD24B6C1AE87EA7001E891D /* Neuton-Regular.ttf */,
				2FC65CFB1AE827C8006338E7 /* Cards.json */,
				2FC65CD21AE81695006338E7 /* Info.plist */,
			);
			name = "Supporting Files";
			sourceTree = "<group>";
		};
		2FC65CE61AE81695006338E7 /* Zane SwaffordTests */ = {
			isa = PBXGroup;
			children = (
				2FC65CE91AE81695006338E7 /* Zane_SwaffordTests.swift */,
				2FC65CE71AE81695006338E7 /* Supporting Files */,
			);
			path = "Zane SwaffordTests";
			sourceTree = "<group>";
		};
		2FC65CE71AE81695006338E7 /* Supporting Files */ = {
			isa = PBXGroup;
			children = (
				2FC65CE81AE81695006338E7 /* Info.plist */,
			);
			name = "Supporting Files";
			sourceTree = "<group>";
		};
/* End PBXGroup section */

/* Begin PBXNativeTarget section */
		2FC65CCD1AE81695006338E7 /* Zane Swafford */ = {
			isa = PBXNativeTarget;
			buildConfigurationList = 2FC65CED1AE81695006338E7 /* Build configuration list for PBXNativeTarget "Zane Swafford" */;
			buildPhases = (
				2FC65CCA1AE81695006338E7 /* Sources */,
				2FC65CCB1AE81695006338E7 /* Frameworks */,
				2FC65CCC1AE81695006338E7 /* Resources */,
			);
			buildRules = (
			);
			dependencies = (
			);
			name = "Zane Swafford";
			productName = "Zane Swafford";
			productReference = 2FC65CCE1AE81695006338E7 /* Zane Swafford.app */;
			productType = "com.apple.product-type.application";
		};
		2FC65CE21AE81695006338E7 /* Zane SwaffordTests */ = {
			isa = PBXNativeTarget;
			buildConfigurationList = 2FC65CF01AE81695006338E7 /* Build configuration list for PBXNativeTarget "Zane SwaffordTests" */;
			buildPhases = (
				2FC65CDF1AE81695006338E7 /* Sources */,
				2FC65CE01AE81695006338E7 /* Frameworks */,
				2FC65CE11AE81695006338E7 /* Resources */,
			);
			buildRules = (
			);
			dependencies = (
				2FC65CE51AE81695006338E7 /* PBXTargetDependency */,
			);
			name = "Zane SwaffordTests";
			productName = "Zane SwaffordTests";
			productReference = 2FC65CE31AE81695006338E7 /* Zane SwaffordTests.xctest */;
			productType = "com.apple.product-type.bundle.unit-test";
		};
/* End PBXNativeTarget section */

/* Begin PBXProject section */
		2FC65CC61AE81695006338E7 /* Project object */ = {
			isa = PBXProject;
			attributes = {
				LastUpgradeCheck = 0630;
				ORGANIZATIONNAME = "Zane Swafford";
				TargetAttributes = {
					2FC65CCD1AE81695006338E7 = {
						CreatedOnToolsVersion = 6.3.1;
					};
					2FC65CE21AE81695006338E7 = {
						CreatedOnToolsVersion = 6.3.1;
						TestTargetID = 2FC65CCD1AE81695006338E7;
					};
				};
			};
			buildConfigurationList = 2FC65CC91AE81695006338E7 /* Build configuration list for PBXProject "Zane Swafford" */;
			compatibilityVersion = "Xcode 3.2";
			developmentRegion = English;
			hasScannedForEncodings = 0;
			knownRegions = (
				en,
				Base,
			);
			mainGroup = 2FC65CC51AE81695006338E7;
			productRefGroup = 2FC65CCF1AE81695006338E7 /* Products */;
			projectDirPath = "";
			projectRoot = "";
			targets = (
				2FC65CCD1AE81695006338E7 /* Zane Swafford */,
				2FC65CE21AE81695006338E7 /* Zane SwaffordTests */,
			);
		};
/* End PBXProject section */

/* Begin PBXResourcesBuildPhase section */
		2FC65CCC1AE81695006338E7 /* Resources */ = {
			isa = PBXResourcesBuildPhase;
			buildActionMask = 2147483647;
			files = (
				2FC65CD91AE81695006338E7 /* Main.storyboard in Resources */,
				2FD24B6B1AE87E84001E891D /* MerriweatherSans-Bold.otf in Resources */,
				2FC65CDE1AE81695006338E7 /* LaunchScreen.xib in Resources */,
				2FC65CDB1AE81695006338E7 /* Images.xcassets in Resources */,
				2FC65CFC1AE827C8006338E7 /* Cards.json in Resources */,
			);
			runOnlyForDeploymentPostprocessing = 0;
		};
		2FC65CE11AE81695006338E7 /* Resources */ = {
			isa = PBXResourcesBuildPhase;
			buildActionMask = 2147483647;
			files = (
			);
			runOnlyForDeploymentPostprocessing = 0;
		};
/* End PBXResourcesBuildPhase section */

/* Begin PBXSourcesBuildPhase section */
		2FC65CCA1AE81695006338E7 /* Sources */ = {
			isa = PBXSourcesBuildPhase;
			buildActionMask = 2147483647;
			files = (
				2FC65CFA1AE81F5E006338E7 /* CardTableViewCell.swift in Sources */,
				2FC65CF41AE8173F006338E7 /* CardTableViewController.swift in Sources */,
				2FC65D021AE83C88006338E7 /* UIViewHelpers.swift in Sources */,
				2FC65CF61AE8185C006338E7 /* Card.swift in Sources */,
				2FC65CF81AE81F01006338E7 /* SwingingCellAnimator.swift in Sources */,
				2FC65CD41AE81695006338E7 /* AppDelegate.swift in Sources */,
			);
			runOnlyForDeploymentPostprocessing = 0;
		};
		2FC65CDF1AE81695006338E7 /* Sources */ = {
			isa = PBXSourcesBuildPhase;
			buildActionMask = 2147483647;
			files = (
				2FC65CEA1AE81695006338E7 /* Zane_SwaffordTests.swift in Sources */,
			);
			runOnlyForDeploymentPostprocessing = 0;
		};
/* End PBXSourcesBuildPhase section */

/* Begin PBXTargetDependency section */
		2FC65CE51AE81695006338E7 /* PBXTargetDependency */ = {
			isa = PBXTargetDependency;
			target = 2FC65CCD1AE81695006338E7 /* Zane Swafford */;
			targetProxy = 2FC65CE41AE81695006338E7 /* PBXContainerItemProxy */;
		};
/* End PBXTargetDependency section */

/* Begin PBXVariantGroup section */
		2FC65CD71AE81695006338E7 /* Main.storyboard */ = {
			isa = PBXVariantGroup;
			children = (
				2FC65CD81AE81695006338E7 /* Base */,
			);
			name = Main.storyboard;
			sourceTree = "<group>";
		};
		2FC65CDC1AE81695006338E7 /* LaunchScreen.xib */ = {
			isa = PBXVariantGroup;
			children = (
				2FC65CDD1AE81695006338E7 /* Base */,
			);
			name = LaunchScreen.xib;
			sourceTree = "<group>";
		};
/* End PBXVariantGroup section */

/* Begin XCBuildConfiguration section */
		2FC65CEB1AE81695006338E7 /* Debug */ = {
			isa = XCBuildConfiguration;
			buildSettings = {
				ALWAYS_SEARCH_USER_PATHS = NO;
				CLANG_CXX_LANGUAGE_STANDARD = "gnu++0x";
				CLANG_CXX_LIBRARY = "libc++";
				CLANG_ENABLE_MODULES = YES;
				CLANG_ENABLE_OBJC_ARC = YES;
				CLANG_WARN_BOOL_CONVERSION = YES;
				CLANG_WARN_CONSTANT_CONVERSION = YES;
				CLANG_WARN_DIRECT_OBJC_ISA_USAGE = YES_ERROR;
				CLANG_WARN_EMPTY_BODY = YES;
				CLANG_WARN_ENUM_CONVERSION = YES;
				CLANG_WARN_INT_CONVERSION = YES;
				CLANG_WARN_OBJC_ROOT_CLASS = YES_ERROR;
				CLANG_WARN_UNREACHABLE_CODE = YES;
				CLANG_WARN__DUPLICATE_METHOD_MATCH = YES;
				"CODE_SIGN_IDENTITY[sdk=iphoneos*]" = "iPhone Developer";
				COPY_PHASE_STRIP = NO;
				DEBUG_INFORMATION_FORMAT = "dwarf-with-dsym";
				ENABLE_STRICT_OBJC_MSGSEND = YES;
				GCC_C_LANGUAGE_STANDARD = gnu99;
				GCC_DYNAMIC_NO_PIC = NO;
				GCC_NO_COMMON_BLOCKS = YES;
				GCC_OPTIMIZATION_LEVEL = 0;
				GCC_PREPROCESSOR_DEFINITIONS = (
					"DEBUG=1",
					"$(inherited)",
				);
				GCC_SYMBOLS_PRIVATE_EXTERN = NO;
				GCC_WARN_64_TO_32_BIT_CONVERSION = YES;
				GCC_WARN_ABOUT_RETURN_TYPE = YES_ERROR;
				GCC_WARN_UNDECLARED_SELECTOR = YES;
				GCC_WARN_UNINITIALIZED_AUTOS = YES_AGGRESSIVE;
				GCC_WARN_UNUSED_FUNCTION = YES;
				GCC_WARN_UNUSED_VARIABLE = YES;
				IPHONEOS_DEPLOYMENT_TARGET = 8.3;
				MTL_ENABLE_DEBUG_INFO = YES;
				ONLY_ACTIVE_ARCH = YES;
				SDKROOT = iphoneos;
				SWIFT_OPTIMIZATION_LEVEL = "-Onone";
				TARGETED_DEVICE_FAMILY = "1,2";
			};
			name = Debug;
		};
		2FC65CEC1AE81695006338E7 /* Release */ = {
			isa = XCBuildConfiguration;
			buildSettings = {
				ALWAYS_SEARCH_USER_PATHS = NO;
				CLANG_CXX_LANGUAGE_STANDARD = "gnu++0x";
				CLANG_CXX_LIBRARY = "libc++";
				CLANG_ENABLE_MODULES = YES;
				CLANG_ENABLE_OBJC_ARC = YES;
				CLANG_WARN_BOOL_CONVERSION = YES;
				CLANG_WARN_CONSTANT_CONVERSION = YES;
				CLANG_WARN_DIRECT_OBJC_ISA_USAGE = YES_ERROR;
				CLANG_WARN_EMPTY_BODY = YES;
				CLANG_WARN_ENUM_CONVERSION = YES;
				CLANG_WARN_INT_CONVERSION = YES;
				CLANG_WARN_OBJC_ROOT_CLASS = YES_ERROR;
				CLANG_WARN_UNREACHABLE_CODE = YES;
				CLANG_WARN__DUPLICATE_METHOD_MATCH = YES;
				"CODE_SIGN_IDENTITY[sdk=iphoneos*]" = "iPhone Developer";
				COPY_PHASE_STRIP = NO;
				DEBUG_INFORMATION_FORMAT = "dwarf-with-dsym";
				ENABLE_NS_ASSERTIONS = NO;
				ENABLE_STRICT_OBJC_MSGSEND = YES;
				GCC_C_LANGUAGE_STANDARD = gnu99;
				GCC_NO_COMMON_BLOCKS = YES;
				GCC_WARN_64_TO_32_BIT_CONVERSION = YES;
				GCC_WARN_ABOUT_RETURN_TYPE = YES_ERROR;
				GCC_WARN_UNDECLARED_SELECTOR = YES;
				GCC_WARN_UNINITIALIZED_AUTOS = YES_AGGRESSIVE;
				GCC_WARN_UNUSED_FUNCTION = YES;
				GCC_WARN_UNUSED_VARIABLE = YES;
				IPHONEOS_DEPLOYMENT_TARGET = 8.3;
				MTL_ENABLE_DEBUG_INFO = NO;
				SDKROOT = iphoneos;
				TARGETED_DEVICE_FAMILY = "1,2";
				VALIDATE_PRODUCT = YES;
			};
			name = Release;
		};
		2FC65CEE1AE81695006338E7 /* Debug */ = {
			isa = XCBuildConfiguration;
			buildSettings = {
				ASSETCATALOG_COMPILER_APPICON_NAME = AppIcon;
				INFOPLIST_FILE = "Zane Swafford/Info.plist";
				LD_RUNPATH_SEARCH_PATHS = "$(inherited) @executable_path/Frameworks";
				PRODUCT_NAME = "$(TARGET_NAME)";
			};
			name = Debug;
		};
		2FC65CEF1AE81695006338E7 /* Release */ = {
			isa = XCBuildConfiguration;
			buildSettings = {
				ASSETCATALOG_COMPILER_APPICON_NAME = AppIcon;
				INFOPLIST_FILE = "Zane Swafford/Info.plist";
				LD_RUNPATH_SEARCH_PATHS = "$(inherited) @executable_path/Frameworks";
				PRODUCT_NAME = "$(TARGET_NAME)";
			};
			name = Release;
		};
		2FC65CF11AE81695006338E7 /* Debug */ = {
			isa = XCBuildConfiguration;
			buildSettings = {
				BUNDLE_LOADER = "$(TEST_HOST)";
				FRAMEWORK_SEARCH_PATHS = (
					"$(SDKROOT)/Developer/Library/Frameworks",
					"$(inherited)",
				);
				GCC_PREPROCESSOR_DEFINITIONS = (
					"DEBUG=1",
					"$(inherited)",
				);
				INFOPLIST_FILE = "Zane SwaffordTests/Info.plist";
				LD_RUNPATH_SEARCH_PATHS = "$(inherited) @executable_path/Frameworks @loader_path/Frameworks";
				PRODUCT_NAME = "$(TARGET_NAME)";
				TEST_HOST = "$(BUILT_PRODUCTS_DIR)/Zane Swafford.app/Zane Swafford";
			};
			name = Debug;
		};
		2FC65CF21AE81695006338E7 /* Release */ = {
			isa = XCBuildConfiguration;
			buildSettings = {
				BUNDLE_LOADER = "$(TEST_HOST)";
				FRAMEWORK_SEARCH_PATHS = (
					"$(SDKROOT)/Developer/Library/Frameworks",
					"$(inherited)",
				);
				INFOPLIST_FILE = "Zane SwaffordTests/Info.plist";
				LD_RUNPATH_SEARCH_PATHS = "$(inherited) @executable_path/Frameworks @loader_path/Frameworks";
				PRODUCT_NAME = "$(TARGET_NAME)";
				TEST_HOST = "$(BUILT_PRODUCTS_DIR)/Zane Swafford.app/Zane Swafford";
			};
			name = Release;
		};
/* End XCBuildConfiguration section */

/* Begin XCConfigurationList section */
		2FC65CC91AE81695006338E7 /* Build configuration list for PBXProject "Zane Swafford" */ = {
			isa = XCConfigurationList;
			buildConfigurations = (
				2FC65CEB1AE81695006338E7 /* Debug */,
				2FC65CEC1AE81695006338E7 /* Release */,
			);
			defaultConfigurationIsVisible = 0;
			defaultConfigurationName = Release;
		};
		2FC65CED1AE81695006338E7 /* Build configuration list for PBXNativeTarget "Zane Swafford" */ = {
			isa = XCConfigurationList;
			buildConfigurations = (
				2FC65CEE1AE81695006338E7 /* Debug */,
				2FC65CEF1AE81695006338E7 /* Release */,
			);
			defaultConfigurationIsVisible = 0;
			defaultConfigurationName = Release;
		};
		2FC65CF01AE81695006338E7 /* Build configuration list for PBXNativeTarget "Zane SwaffordTests" */ = {
			isa = XCConfigurationList;
			buildConfigurations = (
				2FC65CF11AE81695006338E7 /* Debug */,
				2FC65CF21AE81695006338E7 /* Release */,
			);
			defaultConfigurationIsVisible = 0;
			defaultConfigurationName = Release;
		};
/* End XCConfigurationList section */
	};
	rootObject = 2FC65CC61AE81695006338E7 /* Project object */;
}
